
Microsoft Visual Studio Solution File, Format Version 12.00
# Visual Studio 15
VisualStudioVersion = 15.0.28010.2003
MinimumVisualStudioVersion = 10.0.40219.1
Project("{9A19103F-16F7-4668-BE54-9A1E7A4F7556}") = "ArticleBlogAppCore", "ArticleBlogAppCore\ArticleBlogAppCore.csproj", "{6820269B-0198-459A-904A-565C12330AFA}"
EndProject
Global
	GlobalSection(SolutionConfigurationPlatforms) = preSolution
		Debug|Any CPU = Debug|Any CPU
		Release|Any CPU = Release|Any CPU
	EndGlobalSection
	GlobalSection(ProjectConfigurationPlatforms) = postSolution
		{6820269B-0198-459A-904A-565C12330AFA}.Debug|Any CPU.ActiveCfg = Debug|Any CPU
		{6820269B-0198-459A-904A-565C12330AFA}.Debug|Any CPU.Build.0 = Debug|Any CPU
		{6820269B-0198-459A-904A-565C12330AFA}.Release|Any CPU.ActiveCfg = Release|Any CPU
		{6820269B-0198-459A-904A-565C12330AFA}.Release|Any CPU.Build.0 = Release|Any CPU
	EndGlobalSection
	GlobalSection(SolutionProperties) = preSolution
		HideSolutionNode = FALSE
	EndGlobalSection
	GlobalSection(ExtensibilityGlobals) = postSolution
		SolutionGuid = {1E0540CB-F3DA-4806-89D5-CEE4C138245B}
	EndGlobalSection
EndGlobal
